{
  "name": "exegesis-plugin-swagger-ui-express",
  "version": "1.0.0",
  "lockfileVersion": 1,
  "requires": true,
  "dependencies": {
    "swagger-ui-dist": {
      "version": "3.20.4",
      "resolved": "https://registry.npmjs.org/swagger-ui-dist/-/swagger-ui-dist-3.20.4.tgz",
      "integrity": "sha512-SR/N+N7EIncEhyA4UGiMQ12vJBSv5OKO4S1g7E7etO+9ZUV6SZ7SqKVC8RDDyMOJzdXgMXV7aGIBIiMSCbEMJw=="
    },
    "swagger-ui-express": {
      "version": "4.0.2",
      "resolved": "https://registry.npmjs.org/swagger-ui-express/-/swagger-ui-express-4.0.2.tgz",
      "integrity": "sha512-XZtXI2+SKT3fgvJSGg4P7Dtmkzr50uoSb09IxbUWmjL538TIGRMZtfdEkjZEEq44xgGNAxMryzBEUdUnkXr8dA==",
      "requires": {
        "swagger-ui-dist": "^3.18.1"
      }
    }
  }
}
